
Microsoft Visual Studio Solution File, Format Version 11.00
# Visual Studio 2010
Project("{FAE04EC0-301F-11D3-BF4B-00C04F79EFBC}") = "CS583_2DGame_Reyes_Sallymae_BoneAppetit!", "Assembly-CSharp.csproj", "{EF7BD863-680E-B4A1-1B6E-74ACCE729523}"
EndProject
Global
	GlobalSection(SolutionConfigurationPlatforms) = preSolution
		Debug|Any CPU = Debug|Any CPU
		Release|Any CPU = Release|Any CPU
	EndGlobalSection
	GlobalSection(ProjectConfigurationPlatforms) = postSolution
		{EF7BD863-680E-B4A1-1B6E-74ACCE729523}.Debug|Any CPU.ActiveCfg = Debug|Any CPU
		{EF7BD863-680E-B4A1-1B6E-74ACCE729523}.Debug|Any CPU.Build.0 = Debug|Any CPU
		{EF7BD863-680E-B4A1-1B6E-74ACCE729523}.Release|Any CPU.ActiveCfg = Release|Any CPU
		{EF7BD863-680E-B4A1-1B6E-74ACCE729523}.Release|Any CPU.Build.0 = Release|Any CPU
	EndGlobalSection
	GlobalSection(SolutionProperties) = preSolution
		HideSolutionNode = FALSE
	EndGlobalSection
	GlobalSection(MonoDevelopProperties) = preSolution
		StartupItem = Assembly-CSharp.csproj
	EndGlobalSection
EndGlobal
